// !$*UTF8*$!
{
	archiveVersion = 1;
	classes = {
	};
	objectVersion = 54;
	objects = {

/* Begin PBXBuildFile section */
		00E356F31AD99517003FC87E /* GSHDemoTests.m in Sources */ = {isa = PBXBuildFile; fileRef = 00E356F21AD99517003FC87E /* GSHDemoTests.m */; };
		05A28C7DD9C8424E86C534ED /* home.png in Resources */ = {isa = PBXBuildFile; fileRef = C9C3483DCEEC42AE8BC3A8FE /* home.png */; };
		0C80B921A6F3F58F76C31292 /* libPods-GSHDemo.a in Frameworks */ = {isa = PBXBuildFile; fileRef = 5DCACB8F33CDC322A6C60F78 /* libPods-GSHDemo.a */; };
		0FD834493BDA4B258E86E200 /* logo60.png in Resources */ = {isa = PBXBuildFile; fileRef = 215654EBFDB74C8CAE06A3FE /* logo60.png */; };
		1363383CB374408FBA4A6C85 /* ShariBecker.png in Resources */ = {isa = PBXBuildFile; fileRef = 104F6B30DFAE4489AA999E2B /* ShariBecker.png */; };
		13B07FBC1A68108700A75B9A /* AppDelegate.mm in Sources */ = {isa = PBXBuildFile; fileRef = 13B07FB01A68108700A75B9A /* AppDelegate.mm */; };
		13B07FBF1A68108700A75B9A /* Images.xcassets in Resources */ = {isa = PBXBuildFile; fileRef = 13B07FB51A68108700A75B9A /* Images.xcassets */; };
		13B07FC11A68108700A75B9A /* main.m in Sources */ = {isa = PBXBuildFile; fileRef = 13B07FB71A68108700A75B9A /* main.m */; };
		1617C2A002E84835B74FBC4D /* ucdavis.png in Resources */ = {isa = PBXBuildFile; fileRef = E37BF216C7A54A6A9DD93BA2 /* ucdavis.png */; };
		17BBBCB734CB412D9A3C48AB /* MichaelFredericson.png in Resources */ = {isa = PBXBuildFile; fileRef = 911EBC0F498C49DA86D53531 /* MichaelFredericson.png */; };
		250763EFCC464F48B2311390 /* RobotoCondensed-Italic.ttf in Resources */ = {isa = PBXBuildFile; fileRef = 6F86764691FD4D31AC1AF0CB /* RobotoCondensed-Italic.ttf */; };
		2513E42FAF2E4D989333567D /* PhilippeGoldin.png in Resources */ = {isa = PBXBuildFile; fileRef = 0CA39952A3CA493EB1B07E08 /* PhilippeGoldin.png */; };
		2A14B160F333431DB2741278 /* Roboto-Bold.ttf in Resources */ = {isa = PBXBuildFile; fileRef = 2EB08B6B1C00497B90121F98 /* Roboto-Bold.ttf */; };
		2C2F2E0961D54B3CAA3F8449 /* logo120.png in Resources */ = {isa = PBXBuildFile; fileRef = F0050E5F68864FB1AC36C2BC /* logo120.png */; };
		36D58F0955244142A9CD332B /* RobotoCondensed-Bold.ttf in Resources */ = {isa = PBXBuildFile; fileRef = AAE62B56A4944CAA8BD61F68 /* RobotoCondensed-Bold.ttf */; };
		3A4961D3771D4D74971FE17D /* splash.png in Resources */ = {isa = PBXBuildFile; fileRef = 8554C04FCB5645CC9643BB3B /* splash.png */; };
		3AF3DC6CF32E42469FE00B47 /* splash-screen.png in Resources */ = {isa = PBXBuildFile; fileRef = BBA15906CC374402BC425EB6 /* splash-screen.png */; };
		44857C04B8E14E9C80B67B59 /* CarrieTice.png in Resources */ = {isa = PBXBuildFile; fileRef = 9F02FA061597482CB0235F8E /* CarrieTice.png */; };
		4EE464088E2444AFB317165A /* RobotoCondensed-Light.ttf in Resources */ = {isa = PBXBuildFile; fileRef = 45FCEF2EE5D44381A8BBC037 /* RobotoCondensed-Light.ttf */; };
		4F83EA7494FF429CB093420C /* Roboto-ThinItalic.ttf in Resources */ = {isa = PBXBuildFile; fileRef = 63FEFC2D4CFB411495C92392 /* Roboto-ThinItalic.ttf */; };
		5347C3DFE74742BDAD5F675C /* YuvalSpector.png in Resources */ = {isa = PBXBuildFile; fileRef = 088FEB752F6D4415ABCF00FE /* YuvalSpector.png */; };
		5533D9E23C9A4F198551397D /* somatic.png in Resources */ = {isa = PBXBuildFile; fileRef = 4C17F303492E4414A052B1BC /* somatic.png */; };
		5579364C9EB04966B30388E7 /* Roboto-MediumItalic.ttf in Resources */ = {isa = PBXBuildFile; fileRef = 5EFB774B400F48BAA540C7BA /* Roboto-MediumItalic.ttf */; };
		58A06F74622B4D3A92F5F5BB /* ucsf.png in Resources */ = {isa = PBXBuildFile; fileRef = ADE79349A1A34E4986E7296E /* ucsf.png */; };
		5A982538EE0C4D6F88CBDE50 /* Meet_Tiffany_Asp.mp4 in Resources */ = {isa = PBXBuildFile; fileRef = 82EC8485C45E4BE18BA94F7D /* Meet_Tiffany_Asp.mp4 */; };
		5D678A57909D43B996A185BB /* logo80.png in Resources */ = {isa = PBXBuildFile; fileRef = CC23E869CFC9481FB7975A84 /* logo80.png */; };
		5DB0D771584443B59F32AAC4 /* Introducing_the_Founders.mp4 in Resources */ = {isa = PBXBuildFile; fileRef = 65942748C28F49FD970A8505 /* Introducing_the_Founders.mp4 */; };
		6766D71B72AE445696180AB1 /* logo1024.png in Resources */ = {isa = PBXBuildFile; fileRef = 937CB3B7542944A69C47A7EB /* logo1024.png */; };
		6DEC10C8919E4F38B8DF825B /* Meet_Shari_Becker.mp4 in Resources */ = {isa = PBXBuildFile; fileRef = 137E1BA537774AAEB7DED75C /* Meet_Shari_Becker.mp4 */; };
		71677964D4DC4AA89ADABD20 /* StephenBaxter.png in Resources */ = {isa = PBXBuildFile; fileRef = 54ED7C93E2144878A6977C58 /* StephenBaxter.png */; };
		72B9977633F941F695B12584 /* Roboto-Medium.ttf in Resources */ = {isa = PBXBuildFile; fileRef = FF28F7B5E5A24A6DBE8410DF /* Roboto-Medium.ttf */; };
		7699B88040F8A987B510C191 /* libPods-GSHDemo-GSHDemoTests.a in Frameworks */ = {isa = PBXBuildFile; fileRef = 19F6CBCC0A4E27FBF8BF4A61 /* libPods-GSHDemo-GSHDemoTests.a */; };
		78E15BB2634F4D6F876314D9 /* Roboto-Black.ttf in Resources */ = {isa = PBXBuildFile; fileRef = F71FF7E8FDD2486F86A4F6A9 /* Roboto-Black.ttf */; };
		81AB9BB82411601600AC10FF /* LaunchScreen.storyboard in Resources */ = {isa = PBXBuildFile; fileRef = 81AB9BB72411601600AC10FF /* LaunchScreen.storyboard */; };
		85845CB3B41D4EBF95FCE4F9 /* RobotoCondensed-LightItalic.ttf in Resources */ = {isa = PBXBuildFile; fileRef = D8C2B2D7436D4F2B85261AF9 /* RobotoCondensed-LightItalic.ttf */; };
		9656D1002D484CF8956D8B8D /* Introducing_Philippe_Goldin.mp4 in Resources */ = {isa = PBXBuildFile; fileRef = C13961E7AB1F4B38B59D8727 /* Introducing_Philippe_Goldin.mp4 */; };
		978B90EBA57C44D7843059E3 /* Roboto-Light.ttf in Resources */ = {isa = PBXBuildFile; fileRef = 13EF964ACC16431C832A0A9C /* Roboto-Light.ttf */; };
		980FDBD5A0C14D829E75E187 /* Roboto-Regular.ttf in Resources */ = {isa = PBXBuildFile; fileRef = 6F7461284C7F4FB389870BD8 /* Roboto-Regular.ttf */; };
		A65D01F78F964F0A804BCE0F /* Roboto-BlackItalic.ttf in Resources */ = {isa = PBXBuildFile; fileRef = 10800CF776D4437580D88FA4 /* Roboto-BlackItalic.ttf */; };
		AD33FFADA781430EBA6B2568 /* LICENSE.txt in Resources */ = {isa = PBXBuildFile; fileRef = 29568FD7AD5F49FBB1DAB72D /* LICENSE.txt */; };
		B86A4AF5A3A64B139A6E7748 /* Roboto-Italic.ttf in Resources */ = {isa = PBXBuildFile; fileRef = D4520E338A2C455AAFA3DC2A /* Roboto-Italic.ttf */; };
		B9A4E06B96A64BD2B1189E50 /* JoshLevin.png in Resources */ = {isa = PBXBuildFile; fileRef = 14872ADB157E438EB334B1B2 /* JoshLevin.png */; };
		B9D2DADF05D14CAE901B64B6 /* RobotoCondensed-Regular.ttf in Resources */ = {isa = PBXBuildFile; fileRef = 3020523EA7F3472B8F25F5BE /* RobotoCondensed-Regular.ttf */; };
		BA226F7ABA90437190365046 /* Roboto-LightItalic.ttf in Resources */ = {isa = PBXBuildFile; fileRef = B7C3C5A34C534544AEBD7A91 /* Roboto-LightItalic.ttf */; };
		BCA1877354B149F69ED227B9 /* Roboto-BoldItalic.ttf in Resources */ = {isa = PBXBuildFile; fileRef = 47E90A066A414E53830CB476 /* Roboto-BoldItalic.ttf */; };
		BD0BDF25A0D34EDD98C30F63 /* logo58.png in Resources */ = {isa = PBXBuildFile; fileRef = 2059D638B70A4A47BF24BAD8 /* logo58.png */; };
		C23FA87DEE73485886879823 /* univercity.png in Resources */ = {isa = PBXBuildFile; fileRef = F46A24318AAB47B3954BD1C3 /* univercity.png */; };
		C363E3A9A5F549CF915941F0 /* bg.png in Resources */ = {isa = PBXBuildFile; fileRef = 7623CF634979491DB4607448 /* bg.png */; };
		C5D0746A4D22466A9EC20DE6 /* Roboto-Thin.ttf in Resources */ = {isa = PBXBuildFile; fileRef = 48616AC8E9504BB881DF3E8C /* Roboto-Thin.ttf */; };
		CDF582A301AA4F53AE6CFB5F /* connect.png in Resources */ = {isa = PBXBuildFile; fileRef = 2F45CDF6221C45F4891B3831 /* connect.png */; };
		D73200A9EB65477897FB88B2 /* logo180.png in Resources */ = {isa = PBXBuildFile; fileRef = 7F35A2A25F9B4677993702BB /* logo180.png */; };
		E35EC5DE2B514F9E88BDAAEA /* gold.png in Resources */ = {isa = PBXBuildFile; fileRef = 2859F246BED0464D868E64FA /* gold.png */; };
		E84A504B8EEB4AF4969EDBDB /* logo40.png in Resources */ = {isa = PBXBuildFile; fileRef = 008B636803D145108A1320F0 /* logo40.png */; };
		E8A26367F3574CC28A1C5B4E /* progress.png in Resources */ = {isa = PBXBuildFile; fileRef = F48DE797AF674ED6A4EFE878 /* progress.png */; };
		EA349CE51DC7494399060E85 /* gsh.png in Resources */ = {isa = PBXBuildFile; fileRef = DB13BC3EC0E442AD9F5B6309 /* gsh.png */; };
		F250F71482D3410D8D06A834 /* RobotoCondensed-BoldItalic.ttf in Resources */ = {isa = PBXBuildFile; fileRef = E656EF1B87F24CFDAAC8D22D /* RobotoCondensed-BoldItalic.ttf */; };
		F3F559D6D52A44E4A33B14C6 /* HeatherKing.png in Resources */ = {isa = PBXBuildFile; fileRef = 571093EEC5994E9C90003621 /* HeatherKing.png */; };
		F7F6D507777D4F938464A94B /* community.png in Resources */ = {isa = PBXBuildFile; fileRef = 91CBF70B9EEB4C99BA0DA5A2 /* community.png */; };
		F932F42E00A4428783FF6C62 /* logo87.png in Resources */ = {isa = PBXBuildFile; fileRef = CCA13DFE9B7A44C7A4BC205D /* logo87.png */; };
		F95A79CD64EC4F27834FD437 /* Introducing_Josh_Levin.mp4 in Resources */ = {isa = PBXBuildFile; fileRef = B050B9FEB1EB4789BE764B0B /* Introducing_Josh_Levin.mp4 */; };
		FF4637524A8D403285B3D72D /* DavePaunesku.png in Resources */ = {isa = PBXBuildFile; fileRef = B86C8E522C6B409F850B6560 /* DavePaunesku.png */; };
		0639717E000A44BABF6481D6 /* MaterialIcons-Regular.ttf in Resources */ = {isa = PBXBuildFile; fileRef = 86EFEC409E724191B758108E /* MaterialIcons-Regular.ttf */; };
		287BC56ED34E4AEB8B7A81BF /* ipsi.png in Resources */ = {isa = PBXBuildFile; fileRef = 7440D9D9BDAA41A69DD5D817 /* ipsi.png */; };
		3A5ECADA56F14662BC592C39 /* ohio.png in Resources */ = {isa = PBXBuildFile; fileRef = 78ED47E1FC6D4618AB24D06C /* ohio.png */; };
		DB10446CC98A442D8C3264AC /* AllisonMarsdenBw.png in Resources */ = {isa = PBXBuildFile; fileRef = 9C9639ABE4BD4DCCA29A2059 /* AllisonMarsdenBw.png */; };
		501D059EA5614E12AB865896 /* CorinneCooleyBw.png in Resources */ = {isa = PBXBuildFile; fileRef = 0C7855CF5FCB4D219A9C98CE /* CorinneCooleyBw.png */; };
		4BA372896B764D9F920D48E2 /* PazAlsterBw.png in Resources */ = {isa = PBXBuildFile; fileRef = 404B92BAB923451B9173351B /* PazAlsterBw.png */; };
		064EB2031E1F4D789025D5A7 /* RickyYuBw.png in Resources */ = {isa = PBXBuildFile; fileRef = CA3B03601B3D4A1A8FFBD334 /* RickyYuBw.png */; };
		DDFEDEC6C6F748DA95E47841 /* TiffanyAspBw.png in Resources */ = {isa = PBXBuildFile; fileRef = 728965E1515C47D1BA30C2D4 /* TiffanyAspBw.png */; };
		8525D31E795248878D99C9C8 /* RickyYuC.png in Resources */ = {isa = PBXBuildFile; fileRef = 29630B440717458ABEE4F99C /* RickyYuC.png */; };
/* End PBXBuildFile section */

/* Begin PBXContainerItemProxy section */
		00E356F41AD99517003FC87E /* PBXContainerItemProxy */ = {
			isa = PBXContainerItemProxy;
			containerPortal = 83CBB9F71A601CBA00E9B192 /* Project object */;
			proxyType = 1;
			remoteGlobalIDString = 13B07F861A680F5B00A75B9A;
			remoteInfo = GSHDemo;
		};
/* End PBXContainerItemProxy section */

/* Begin PBXFileReference section */
		008B636803D145108A1320F0 /* logo40.png */ = {isa = PBXFileReference; explicitFileType = undefined; fileEncoding = 9; includeInIndex = 0; lastKnownFileType = unknown; name = logo40.png; path = ../assets/logo/ios/logo40.png; sourceTree = "<group>"; };
		00E356EE1AD99517003FC87E /* GSHDemoTests.xctest */ = {isa = PBXFileReference; explicitFileType = wrapper.cfbundle; includeInIndex = 0; path = GSHDemoTests.xctest; sourceTree = BUILT_PRODUCTS_DIR; };
		00E356F11AD99517003FC87E /* Info.plist */ = {isa = PBXFileReference; lastKnownFileType = text.plist.xml; path = Info.plist; sourceTree = "<group>"; };
		00E356F21AD99517003FC87E /* GSHDemoTests.m */ = {isa = PBXFileReference; lastKnownFileType = sourcecode.c.objc; path = GSHDemoTests.m; sourceTree = "<group>"; };
		088FEB752F6D4415ABCF00FE /* YuvalSpector.png */ = {isa = PBXFileReference; explicitFileType = undefined; fileEncoding = 9; includeInIndex = 0; lastKnownFileType = unknown; name = YuvalSpector.png; path = ../assets/people/YuvalSpector.png; sourceTree = "<group>"; };
		0CA39952A3CA493EB1B07E08 /* PhilippeGoldin.png */ = {isa = PBXFileReference; explicitFileType = undefined; fileEncoding = 9; includeInIndex = 0; lastKnownFileType = unknown; name = PhilippeGoldin.png; path = ../assets/people/PhilippeGoldin.png; sourceTree = "<group>"; };
		104F6B30DFAE4489AA999E2B /* ShariBecker.png */ = {isa = PBXFileReference; explicitFileType = undefined; fileEncoding = 9; includeInIndex = 0; lastKnownFileType = unknown; name = ShariBecker.png; path = ../assets/people/ShariBecker.png; sourceTree = "<group>"; };
		10800CF776D4437580D88FA4 /* Roboto-BlackItalic.ttf */ = {isa = PBXFileReference; explicitFileType = undefined; fileEncoding = 9; includeInIndex = 0; lastKnownFileType = unknown; name = "Roboto-BlackItalic.ttf"; path = "../assets/fonts/Roboto-BlackItalic.ttf"; sourceTree = "<group>"; };
		137E1BA537774AAEB7DED75C /* Meet_Shari_Becker.mp4 */ = {isa = PBXFileReference; explicitFileType = undefined; fileEncoding = 9; includeInIndex = 0; lastKnownFileType = unknown; name = Meet_Shari_Becker.mp4; path = ../assets/video/Meet_Shari_Becker.mp4; sourceTree = "<group>"; };
		13B07F961A680F5B00A75B9A /* GSHDemo.app */ = {isa = PBXFileReference; explicitFileType = wrapper.application; includeInIndex = 0; path = GSHDemo.app; sourceTree = BUILT_PRODUCTS_DIR; };
		13B07FAF1A68108700A75B9A /* AppDelegate.h */ = {isa = PBXFileReference; fileEncoding = 4; lastKnownFileType = sourcecode.c.h; name = AppDelegate.h; path = GSHDemo/AppDelegate.h; sourceTree = "<group>"; };
		13B07FB01A68108700A75B9A /* AppDelegate.mm */ = {isa = PBXFileReference; fileEncoding = 4; lastKnownFileType = sourcecode.cpp.objcpp; name = AppDelegate.mm; path = GSHDemo/AppDelegate.mm; sourceTree = "<group>"; };
		13B07FB51A68108700A75B9A /* Images.xcassets */ = {isa = PBXFileReference; lastKnownFileType = folder.assetcatalog; name = Images.xcassets; path = GSHDemo/Images.xcassets; sourceTree = "<group>"; };
		13B07FB61A68108700A75B9A /* Info.plist */ = {isa = PBXFileReference; fileEncoding = 4; lastKnownFileType = text.plist.xml; name = Info.plist; path = GSHDemo/Info.plist; sourceTree = "<group>"; };
		13B07FB71A68108700A75B9A /* main.m */ = {isa = PBXFileReference; fileEncoding = 4; lastKnownFileType = sourcecode.c.objc; name = main.m; path = GSHDemo/main.m; sourceTree = "<group>"; };
		13EF964ACC16431C832A0A9C /* Roboto-Light.ttf */ = {isa = PBXFileReference; explicitFileType = undefined; fileEncoding = 9; includeInIndex = 0; lastKnownFileType = unknown; name = "Roboto-Light.ttf"; path = "../assets/fonts/Roboto-Light.ttf"; sourceTree = "<group>"; };
		14872ADB157E438EB334B1B2 /* JoshLevin.png */ = {isa = PBXFileReference; explicitFileType = undefined; fileEncoding = 9; includeInIndex = 0; lastKnownFileType = unknown; name = JoshLevin.png; path = ../assets/people/JoshLevin.png; sourceTree = "<group>"; };
		19F6CBCC0A4E27FBF8BF4A61 /* libPods-GSHDemo-GSHDemoTests.a */ = {isa = PBXFileReference; explicitFileType = archive.ar; includeInIndex = 0; path = "libPods-GSHDemo-GSHDemoTests.a"; sourceTree = BUILT_PRODUCTS_DIR; };
		2059D638B70A4A47BF24BAD8 /* logo58.png */ = {isa = PBXFileReference; explicitFileType = undefined; fileEncoding = 9; includeInIndex = 0; lastKnownFileType = unknown; name = logo58.png; path = ../assets/logo/ios/logo58.png; sourceTree = "<group>"; };
		215654EBFDB74C8CAE06A3FE /* logo60.png */ = {isa = PBXFileReference; explicitFileType = undefined; fileEncoding = 9; includeInIndex = 0; lastKnownFileType = unknown; name = logo60.png; path = ../assets/logo/ios/logo60.png; sourceTree = "<group>"; };
		24930ECA7C5B4F4DBAA6C0C6 /* smedicine.png */ = {isa = PBXFileReference; explicitFileType = undefined; fileEncoding = 9; includeInIndex = 0; lastKnownFileType = unknown; name = smedicine.png; path = ../assets/smedicine.png; sourceTree = "<group>"; };
		2859F246BED0464D868E64FA /* gold.png */ = {isa = PBXFileReference; explicitFileType = undefined; fileEncoding = 9; includeInIndex = 0; lastKnownFileType = unknown; name = gold.png; path = ../assets/backgrounds/gold.png; sourceTree = "<group>"; };
		29568FD7AD5F49FBB1DAB72D /* LICENSE.txt */ = {isa = PBXFileReference; explicitFileType = undefined; fileEncoding = 9; includeInIndex = 0; lastKnownFileType = unknown; name = LICENSE.txt; path = ../assets/fonts/LICENSE.txt; sourceTree = "<group>"; };
		2EB08B6B1C00497B90121F98 /* Roboto-Bold.ttf */ = {isa = PBXFileReference; explicitFileType = undefined; fileEncoding = 9; includeInIndex = 0; lastKnownFileType = unknown; name = "Roboto-Bold.ttf"; path = "../assets/fonts/Roboto-Bold.ttf"; sourceTree = "<group>"; };
		2F45CDF6221C45F4891B3831 /* connect.png */ = {isa = PBXFileReference; explicitFileType = undefined; fileEncoding = 9; includeInIndex = 0; lastKnownFileType = unknown; name = connect.png; path = ../assets/icons/connect.png; sourceTree = "<group>"; };
		3020523EA7F3472B8F25F5BE /* RobotoCondensed-Regular.ttf */ = {isa = PBXFileReference; explicitFileType = undefined; fileEncoding = 9; includeInIndex = 0; lastKnownFileType = unknown; name = "RobotoCondensed-Regular.ttf"; path = "../assets/fonts/RobotoCondensed-Regular.ttf"; sourceTree = "<group>"; };
		3B4392A12AC88292D35C810B /* Pods-GSHDemo.debug.xcconfig */ = {isa = PBXFileReference; includeInIndex = 1; lastKnownFileType = text.xcconfig; name = "Pods-GSHDemo.debug.xcconfig"; path = "Target Support Files/Pods-GSHDemo/Pods-GSHDemo.debug.xcconfig"; sourceTree = "<group>"; };
		45FCEF2EE5D44381A8BBC037 /* RobotoCondensed-Light.ttf */ = {isa = PBXFileReference; explicitFileType = undefined; fileEncoding = 9; includeInIndex = 0; lastKnownFileType = unknown; name = "RobotoCondensed-Light.ttf"; path = "../assets/fonts/RobotoCondensed-Light.ttf"; sourceTree = "<group>"; };
		47E90A066A414E53830CB476 /* Roboto-BoldItalic.ttf */ = {isa = PBXFileReference; explicitFileType = undefined; fileEncoding = 9; includeInIndex = 0; lastKnownFileType = unknown; name = "Roboto-BoldItalic.ttf"; path = "../assets/fonts/Roboto-BoldItalic.ttf"; sourceTree = "<group>"; };
		48616AC8E9504BB881DF3E8C /* Roboto-Thin.ttf */ = {isa = PBXFileReference; explicitFileType = undefined; fileEncoding = 9; includeInIndex = 0; lastKnownFileType = unknown; name = "Roboto-Thin.ttf"; path = "../assets/fonts/Roboto-Thin.ttf"; sourceTree = "<group>"; };
		4C17F303492E4414A052B1BC /* somatic.png */ = {isa = PBXFileReference; explicitFileType = undefined; fileEncoding = 9; includeInIndex = 0; lastKnownFileType = unknown; name = somatic.png; path = ../assets/logo/somatic.png; sourceTree = "<group>"; };
		54ED7C93E2144878A6977C58 /* StephenBaxter.png */ = {isa = PBXFileReference; explicitFileType = undefined; fileEncoding = 9; includeInIndex = 0; lastKnownFileType = unknown; name = StephenBaxter.png; path = ../assets/people/StephenBaxter.png; sourceTree = "<group>"; };
		5709B34CF0A7D63546082F79 /* Pods-GSHDemo.release.xcconfig */ = {isa = PBXFileReference; includeInIndex = 1; lastKnownFileType = text.xcconfig; name = "Pods-GSHDemo.release.xcconfig"; path = "Target Support Files/Pods-GSHDemo/Pods-GSHDemo.release.xcconfig"; sourceTree = "<group>"; };
		571093EEC5994E9C90003621 /* HeatherKing.png */ = {isa = PBXFileReference; explicitFileType = undefined; fileEncoding = 9; includeInIndex = 0; lastKnownFileType = unknown; name = HeatherKing.png; path = ../assets/people/HeatherKing.png; sourceTree = "<group>"; };
		5B7EB9410499542E8C5724F5 /* Pods-GSHDemo-GSHDemoTests.debug.xcconfig */ = {isa = PBXFileReference; includeInIndex = 1; lastKnownFileType = text.xcconfig; name = "Pods-GSHDemo-GSHDemoTests.debug.xcconfig"; path = "Target Support Files/Pods-GSHDemo-GSHDemoTests/Pods-GSHDemo-GSHDemoTests.debug.xcconfig"; sourceTree = "<group>"; };
		5DCACB8F33CDC322A6C60F78 /* libPods-GSHDemo.a */ = {isa = PBXFileReference; explicitFileType = archive.ar; includeInIndex = 0; path = "libPods-GSHDemo.a"; sourceTree = BUILT_PRODUCTS_DIR; };
		5EFB774B400F48BAA540C7BA /* Roboto-MediumItalic.ttf */ = {isa = PBXFileReference; explicitFileType = undefined; fileEncoding = 9; includeInIndex = 0; lastKnownFileType = unknown; name = "Roboto-MediumItalic.ttf"; path = "../assets/fonts/Roboto-MediumItalic.ttf"; sourceTree = "<group>"; };
		63FEFC2D4CFB411495C92392 /* Roboto-ThinItalic.ttf */ = {isa = PBXFileReference; explicitFileType = undefined; fileEncoding = 9; includeInIndex = 0; lastKnownFileType = unknown; name = "Roboto-ThinItalic.ttf"; path = "../assets/fonts/Roboto-ThinItalic.ttf"; sourceTree = "<group>"; };
		65942748C28F49FD970A8505 /* Introducing_the_Founders.mp4 */ = {isa = PBXFileReference; explicitFileType = undefined; fileEncoding = 9; includeInIndex = 0; lastKnownFileType = unknown; name = Introducing_the_Founders.mp4; path = ../assets/video/Introducing_the_Founders.mp4; sourceTree = "<group>"; };
		6F7461284C7F4FB389870BD8 /* Roboto-Regular.ttf */ = {isa = PBXFileReference; explicitFileType = undefined; fileEncoding = 9; includeInIndex = 0; lastKnownFileType = unknown; name = "Roboto-Regular.ttf"; path = "../assets/fonts/Roboto-Regular.ttf"; sourceTree = "<group>"; };
		6F86764691FD4D31AC1AF0CB /* RobotoCondensed-Italic.ttf */ = {isa = PBXFileReference; explicitFileType = undefined; fileEncoding = 9; includeInIndex = 0; lastKnownFileType = unknown; name = "RobotoCondensed-Italic.ttf"; path = "../assets/fonts/RobotoCondensed-Italic.ttf"; sourceTree = "<group>"; };
		7623CF634979491DB4607448 /* bg.png */ = {isa = PBXFileReference; explicitFileType = undefined; fileEncoding = 9; includeInIndex = 0; lastKnownFileType = unknown; name = bg.png; path = ../assets/backgrounds/bg.png; sourceTree = "<group>"; };
		7F35A2A25F9B4677993702BB /* logo180.png */ = {isa = PBXFileReference; explicitFileType = undefined; fileEncoding = 9; includeInIndex = 0; lastKnownFileType = unknown; name = logo180.png; path = ../assets/logo/ios/logo180.png; sourceTree = "<group>"; };
		81AB9BB72411601600AC10FF /* LaunchScreen.storyboard */ = {isa = PBXFileReference; fileEncoding = 4; lastKnownFileType = file.storyboard; name = LaunchScreen.storyboard; path = GSHDemo/LaunchScreen.storyboard; sourceTree = "<group>"; };
		82EC8485C45E4BE18BA94F7D /* Meet_Tiffany_Asp.mp4 */ = {isa = PBXFileReference; explicitFileType = undefined; fileEncoding = 9; includeInIndex = 0; lastKnownFileType = unknown; name = Meet_Tiffany_Asp.mp4; path = ../assets/video/Meet_Tiffany_Asp.mp4; sourceTree = "<group>"; };
		8554C04FCB5645CC9643BB3B /* splash.png */ = {isa = PBXFileReference; explicitFileType = undefined; fileEncoding = 9; includeInIndex = 0; lastKnownFileType = unknown; name = splash.png; path = ../assets/backgrounds/splash.png; sourceTree = "<group>"; };
		89C6BE57DB24E9ADA2F236DE /* Pods-GSHDemo-GSHDemoTests.release.xcconfig */ = {isa = PBXFileReference; includeInIndex = 1; lastKnownFileType = text.xcconfig; name = "Pods-GSHDemo-GSHDemoTests.release.xcconfig"; path = "Target Support Files/Pods-GSHDemo-GSHDemoTests/Pods-GSHDemo-GSHDemoTests.release.xcconfig"; sourceTree = "<group>"; };
		911EBC0F498C49DA86D53531 /* MichaelFredericson.png */ = {isa = PBXFileReference; explicitFileType = undefined; fileEncoding = 9; includeInIndex = 0; lastKnownFileType = unknown; name = MichaelFredericson.png; path = ../assets/people/MichaelFredericson.png; sourceTree = "<group>"; };
		91CBF70B9EEB4C99BA0DA5A2 /* community.png */ = {isa = PBXFileReference; explicitFileType = undefined; fileEncoding = 9; includeInIndex = 0; lastKnownFileType = unknown; name = community.png; path = ../assets/icons/community.png; sourceTree = "<group>"; };
		937CB3B7542944A69C47A7EB /* logo1024.png */ = {isa = PBXFileReference; explicitFileType = undefined; fileEncoding = 9; includeInIndex = 0; lastKnownFileType = unknown; name = logo1024.png; path = ../assets/logo/ios/logo1024.png; sourceTree = "<group>"; };
		9F02FA061597482CB0235F8E /* CarrieTice.png */ = {isa = PBXFileReference; explicitFileType = undefined; fileEncoding = 9; includeInIndex = 0; lastKnownFileType = unknown; name = CarrieTice.png; path = ../assets/people/CarrieTice.png; sourceTree = "<group>"; };
		AAE62B56A4944CAA8BD61F68 /* RobotoCondensed-Bold.ttf */ = {isa = PBXFileReference; explicitFileType = undefined; fileEncoding = 9; includeInIndex = 0; lastKnownFileType = unknown; name = "RobotoCondensed-Bold.ttf"; path = "../assets/fonts/RobotoCondensed-Bold.ttf"; sourceTree = "<group>"; };
		ADE79349A1A34E4986E7296E /* ucsf.png */ = {isa = PBXFileReference; explicitFileType = undefined; fileEncoding = 9; includeInIndex = 0; lastKnownFileType = unknown; name = ucsf.png; path = ../assets/logo/ucsf.png; sourceTree = "<group>"; };
		B050B9FEB1EB4789BE764B0B /* Introducing_Josh_Levin.mp4 */ = {isa = PBXFileReference; explicitFileType = undefined; fileEncoding = 9; includeInIndex = 0; lastKnownFileType = unknown; name = Introducing_Josh_Levin.mp4; path = ../assets/video/Introducing_Josh_Levin.mp4; sourceTree = "<group>"; };
		B7C3C5A34C534544AEBD7A91 /* Roboto-LightItalic.ttf */ = {isa = PBXFileReference; explicitFileType = undefined; fileEncoding = 9; includeInIndex = 0; lastKnownFileType = unknown; name = "Roboto-LightItalic.ttf"; path = "../assets/fonts/Roboto-LightItalic.ttf"; sourceTree = "<group>"; };
		B86C8E522C6B409F850B6560 /* DavePaunesku.png */ = {isa = PBXFileReference; explicitFileType = undefined; fileEncoding = 9; includeInIndex = 0; lastKnownFileType = unknown; name = DavePaunesku.png; path = ../assets/people/DavePaunesku.png; sourceTree = "<group>"; };
		BBA15906CC374402BC425EB6 /* splash-screen.png */ = {isa = PBXFileReference; explicitFileType = undefined; fileEncoding = undefined; includeInIndex = 0; lastKnownFileType = unknown; name = "splash-screen.png"; path = "../assets/backgrounds/splash-screen.png"; sourceTree = "<group>"; };
		C13961E7AB1F4B38B59D8727 /* Introducing_Philippe_Goldin.mp4 */ = {isa = PBXFileReference; explicitFileType = undefined; fileEncoding = 9; includeInIndex = 0; lastKnownFileType = unknown; name = Introducing_Philippe_Goldin.mp4; path = ../assets/video/Introducing_Philippe_Goldin.mp4; sourceTree = "<group>"; };
		C9C3483DCEEC42AE8BC3A8FE /* home.png */ = {isa = PBXFileReference; explicitFileType = undefined; fileEncoding = 9; includeInIndex = 0; lastKnownFileType = unknown; name = home.png; path = ../assets/icons/home.png; sourceTree = "<group>"; };
		CC23E869CFC9481FB7975A84 /* logo80.png */ = {isa = PBXFileReference; explicitFileType = undefined; fileEncoding = 9; includeInIndex = 0; lastKnownFileType = unknown; name = logo80.png; path = ../assets/logo/ios/logo80.png; sourceTree = "<group>"; };
		CCA13DFE9B7A44C7A4BC205D /* logo87.png */ = {isa = PBXFileReference; explicitFileType = undefined; fileEncoding = 9; includeInIndex = 0; lastKnownFileType = unknown; name = logo87.png; path = ../assets/logo/ios/logo87.png; sourceTree = "<group>"; };
		D4520E338A2C455AAFA3DC2A /* Roboto-Italic.ttf */ = {isa = PBXFileReference; explicitFileType = undefined; fileEncoding = 9; includeInIndex = 0; lastKnownFileType = unknown; name = "Roboto-Italic.ttf"; path = "../assets/fonts/Roboto-Italic.ttf"; sourceTree = "<group>"; };
		D8C2B2D7436D4F2B85261AF9 /* RobotoCondensed-LightItalic.ttf */ = {isa = PBXFileReference; explicitFileType = undefined; fileEncoding = 9; includeInIndex = 0; lastKnownFileType = unknown; name = "RobotoCondensed-LightItalic.ttf"; path = "../assets/fonts/RobotoCondensed-LightItalic.ttf"; sourceTree = "<group>"; };
		DB13BC3EC0E442AD9F5B6309 /* gsh.png */ = {isa = PBXFileReference; explicitFileType = undefined; fileEncoding = 9; includeInIndex = 0; lastKnownFileType = unknown; name = gsh.png; path = ../assets/logo/gsh.png; sourceTree = "<group>"; };
		E37BF216C7A54A6A9DD93BA2 /* ucdavis.png */ = {isa = PBXFileReference; explicitFileType = undefined; fileEncoding = 9; includeInIndex = 0; lastKnownFileType = unknown; name = ucdavis.png; path = ../assets/logo/ucdavis.png; sourceTree = "<group>"; };
		E656EF1B87F24CFDAAC8D22D /* RobotoCondensed-BoldItalic.ttf */ = {isa = PBXFileReference; explicitFileType = undefined; fileEncoding = 9; includeInIndex = 0; lastKnownFileType = unknown; name = "RobotoCondensed-BoldItalic.ttf"; path = "../assets/fonts/RobotoCondensed-BoldItalic.ttf"; sourceTree = "<group>"; };
		ED297162215061F000B7C4FE /* JavaScriptCore.framework */ = {isa = PBXFileReference; lastKnownFileType = wrapper.framework; name = JavaScriptCore.framework; path = System/Library/Frameworks/JavaScriptCore.framework; sourceTree = SDKROOT; };
		F0050E5F68864FB1AC36C2BC /* logo120.png */ = {isa = PBXFileReference; explicitFileType = undefined; fileEncoding = 9; includeInIndex = 0; lastKnownFileType = unknown; name = logo120.png; path = ../assets/logo/ios/logo120.png; sourceTree = "<group>"; };
		F46A24318AAB47B3954BD1C3 /* univercity.png */ = {isa = PBXFileReference; explicitFileType = undefined; fileEncoding = 9; includeInIndex = 0; lastKnownFileType = unknown; name = univercity.png; path = ../assets/logo/univercity.png; sourceTree = "<group>"; };
		F48DE797AF674ED6A4EFE878 /* progress.png */ = {isa = PBXFileReference; explicitFileType = undefined; fileEncoding = 9; includeInIndex = 0; lastKnownFileType = unknown; name = progress.png; path = ../assets/icons/progress.png; sourceTree = "<group>"; };
		F71FF7E8FDD2486F86A4F6A9 /* Roboto-Black.ttf */ = {isa = PBXFileReference; explicitFileType = undefined; fileEncoding = 9; includeInIndex = 0; lastKnownFileType = unknown; name = "Roboto-Black.ttf"; path = "../assets/fonts/Roboto-Black.ttf"; sourceTree = "<group>"; };
		FF28F7B5E5A24A6DBE8410DF /* Roboto-Medium.ttf */ = {isa = PBXFileReference; explicitFileType = undefined; fileEncoding = 9; includeInIndex = 0; lastKnownFileType = unknown; name = "Roboto-Medium.ttf"; path = "../assets/fonts/Roboto-Medium.ttf"; sourceTree = "<group>"; };
		86EFEC409E724191B758108E /* MaterialIcons-Regular.ttf */ = {isa = PBXFileReference; name = "MaterialIcons-Regular.ttf"; path = "../assets/fonts/MaterialIcons-Regular.ttf"; sourceTree = "<group>"; fileEncoding = undefined; lastKnownFileType = unknown; explicitFileType = undefined; includeInIndex = 0; };
		7440D9D9BDAA41A69DD5D817 /* ipsi.png */ = {isa = PBXFileReference; name = "ipsi.png"; path = "../assets/logo/ipsi.png"; sourceTree = "<group>"; fileEncoding = undefined; lastKnownFileType = unknown; explicitFileType = undefined; includeInIndex = 0; };
		78ED47E1FC6D4618AB24D06C /* ohio.png */ = {isa = PBXFileReference; name = "ohio.png"; path = "../assets/logo/ohio.png"; sourceTree = "<group>"; fileEncoding = undefined; lastKnownFileType = unknown; explicitFileType = undefined; includeInIndex = 0; };
		36C2300F00F74B2CB5D7B7D2 /* CorinneCooley.png */ = {isa = PBXFileReference; name = "CorinneCooley.png"; path = "../assets/people/practitioner/bw/CorinneCooley.png"; sourceTree = "<group>"; fileEncoding = undefined; lastKnownFileType = unknown; explicitFileType = undefined; includeInIndex = 0; };
		FCDAA7D26FAA4630A843B9F5 /* TiffanyAsp.png */ = {isa = PBXFileReference; name = "TiffanyAsp.png"; path = "../assets/people/practitioner/bw/TiffanyAsp.png"; sourceTree = "<group>"; fileEncoding = undefined; lastKnownFileType = unknown; explicitFileType = undefined; includeInIndex = 0; };
		DA617928375A4BA092CD2D78 /* RickyYu.png */ = {isa = PBXFileReference; name = "RickyYu.png"; path = "../assets/people/practitioner/color/RickyYu.png"; sourceTree = "<group>"; fileEncoding = undefined; lastKnownFileType = unknown; explicitFileType = undefined; includeInIndex = 0; };
		9C9639ABE4BD4DCCA29A2059 /* AllisonMarsdenBw.png */ = {isa = PBXFileReference; name = "AllisonMarsdenBw.png"; path = "../assets/people/practitioner/bw/AllisonMarsdenBw.png"; sourceTree = "<group>"; fileEncoding = undefined; lastKnownFileType = unknown; explicitFileType = undefined; includeInIndex = 0; };
		0C7855CF5FCB4D219A9C98CE /* CorinneCooleyBw.png */ = {isa = PBXFileReference; name = "CorinneCooleyBw.png"; path = "../assets/people/practitioner/bw/CorinneCooleyBw.png"; sourceTree = "<group>"; fileEncoding = undefined; lastKnownFileType = unknown; explicitFileType = undefined; includeInIndex = 0; };
		404B92BAB923451B9173351B /* PazAlsterBw.png */ = {isa = PBXFileReference; name = "PazAlsterBw.png"; path = "../assets/people/practitioner/bw/PazAlsterBw.png"; sourceTree = "<group>"; fileEncoding = undefined; lastKnownFileType = unknown; explicitFileType = undefined; includeInIndex = 0; };
		CA3B03601B3D4A1A8FFBD334 /* RickyYuBw.png */ = {isa = PBXFileReference; name = "RickyYuBw.png"; path = "../assets/people/practitioner/bw/RickyYuBw.png"; sourceTree = "<group>"; fileEncoding = undefined; lastKnownFileType = unknown; explicitFileType = undefined; includeInIndex = 0; };
		728965E1515C47D1BA30C2D4 /* TiffanyAspBw.png */ = {isa = PBXFileReference; name = "TiffanyAspBw.png"; path = "../assets/people/practitioner/bw/TiffanyAspBw.png"; sourceTree = "<group>"; fileEncoding = undefined; lastKnownFileType = unknown; explicitFileType = undefined; includeInIndex = 0; };
		29630B440717458ABEE4F99C /* RickyYuC.png */ = {isa = PBXFileReference; name = "RickyYuC.png"; path = "../assets/people/practitioner/color/RickyYuC.png"; sourceTree = "<group>"; fileEncoding = undefined; lastKnownFileType = unknown; explicitFileType = undefined; includeInIndex = 0; };
/* End PBXFileReference section */

/* Begin PBXFrameworksBuildPhase section */
		00E356EB1AD99517003FC87E /* Frameworks */ = {
			isa = PBXFrameworksBuildPhase;
			buildActionMask = 2147483647;
			files = (
				7699B88040F8A987B510C191 /* libPods-GSHDemo-GSHDemoTests.a in Frameworks */,
			);
			runOnlyForDeploymentPostprocessing = 0;
		};
		13B07F8C1A680F5B00A75B9A /* Frameworks */ = {
			isa = PBXFrameworksBuildPhase;
			buildActionMask = 2147483647;
			files = (
				0C80B921A6F3F58F76C31292 /* libPods-GSHDemo.a in Frameworks */,
			);
			runOnlyForDeploymentPostprocessing = 0;
		};
/* End PBXFrameworksBuildPhase section */

/* Begin PBXGroup section */
		00E356EF1AD99517003FC87E /* GSHDemoTests */ = {
			isa = PBXGroup;
			children = (
				00E356F21AD99517003FC87E /* GSHDemoTests.m */,
				00E356F01AD99517003FC87E /* Supporting Files */,
			);
			path = GSHDemoTests;
			sourceTree = "<group>";
		};
		00E356F01AD99517003FC87E /* Supporting Files */ = {
			isa = PBXGroup;
			children = (
				00E356F11AD99517003FC87E /* Info.plist */,
			);
			name = "Supporting Files";
			sourceTree = "<group>";
		};
		13B07FAE1A68108700A75B9A /* GSHDemo */ = {
			isa = PBXGroup;
			children = (
				13B07FAF1A68108700A75B9A /* AppDelegate.h */,
				13B07FB01A68108700A75B9A /* AppDelegate.mm */,
				13B07FB51A68108700A75B9A /* Images.xcassets */,
				13B07FB61A68108700A75B9A /* Info.plist */,
				81AB9BB72411601600AC10FF /* LaunchScreen.storyboard */,
				13B07FB71A68108700A75B9A /* main.m */,
			);
			name = GSHDemo;
			sourceTree = "<group>";
		};
		2D16E6871FA4F8E400B85C8A /* Frameworks */ = {
			isa = PBXGroup;
			children = (
				ED297162215061F000B7C4FE /* JavaScriptCore.framework */,
				5DCACB8F33CDC322A6C60F78 /* libPods-GSHDemo.a */,
				19F6CBCC0A4E27FBF8BF4A61 /* libPods-GSHDemo-GSHDemoTests.a */,
			);
			name = Frameworks;
			sourceTree = "<group>";
		};
		82F42BC399A8428A9F67FC64 /* Resources */ = {
			isa = PBXGroup;
			children = (
				F71FF7E8FDD2486F86A4F6A9 /* Roboto-Black.ttf */,
				10800CF776D4437580D88FA4 /* Roboto-BlackItalic.ttf */,
				2EB08B6B1C00497B90121F98 /* Roboto-Bold.ttf */,
				47E90A066A414E53830CB476 /* Roboto-BoldItalic.ttf */,
				D4520E338A2C455AAFA3DC2A /* Roboto-Italic.ttf */,
				13EF964ACC16431C832A0A9C /* Roboto-Light.ttf */,
				B7C3C5A34C534544AEBD7A91 /* Roboto-LightItalic.ttf */,
				FF28F7B5E5A24A6DBE8410DF /* Roboto-Medium.ttf */,
				5EFB774B400F48BAA540C7BA /* Roboto-MediumItalic.ttf */,
				6F7461284C7F4FB389870BD8 /* Roboto-Regular.ttf */,
				48616AC8E9504BB881DF3E8C /* Roboto-Thin.ttf */,
				63FEFC2D4CFB411495C92392 /* Roboto-ThinItalic.ttf */,
				AAE62B56A4944CAA8BD61F68 /* RobotoCondensed-Bold.ttf */,
				E656EF1B87F24CFDAAC8D22D /* RobotoCondensed-BoldItalic.ttf */,
				6F86764691FD4D31AC1AF0CB /* RobotoCondensed-Italic.ttf */,
				45FCEF2EE5D44381A8BBC037 /* RobotoCondensed-Light.ttf */,
				D8C2B2D7436D4F2B85261AF9 /* RobotoCondensed-LightItalic.ttf */,
				3020523EA7F3472B8F25F5BE /* RobotoCondensed-Regular.ttf */,
				29568FD7AD5F49FBB1DAB72D /* LICENSE.txt */,
				DB13BC3EC0E442AD9F5B6309 /* gsh.png */,
				4C17F303492E4414A052B1BC /* somatic.png */,
				E37BF216C7A54A6A9DD93BA2 /* ucdavis.png */,
				ADE79349A1A34E4986E7296E /* ucsf.png */,
				F46A24318AAB47B3954BD1C3 /* univercity.png */,
				9F02FA061597482CB0235F8E /* CarrieTice.png */,
				B86C8E522C6B409F850B6560 /* DavePaunesku.png */,
				571093EEC5994E9C90003621 /* HeatherKing.png */,
				14872ADB157E438EB334B1B2 /* JoshLevin.png */,
				911EBC0F498C49DA86D53531 /* MichaelFredericson.png */,
				0CA39952A3CA493EB1B07E08 /* PhilippeGoldin.png */,
				104F6B30DFAE4489AA999E2B /* ShariBecker.png */,
				54ED7C93E2144878A6977C58 /* StephenBaxter.png */,
				088FEB752F6D4415ABCF00FE /* YuvalSpector.png */,
				24930ECA7C5B4F4DBAA6C0C6 /* smedicine.png */,
				B050B9FEB1EB4789BE764B0B /* Introducing_Josh_Levin.mp4 */,
				C13961E7AB1F4B38B59D8727 /* Introducing_Philippe_Goldin.mp4 */,
				65942748C28F49FD970A8505 /* Introducing_the_Founders.mp4 */,
				137E1BA537774AAEB7DED75C /* Meet_Shari_Becker.mp4 */,
				82EC8485C45E4BE18BA94F7D /* Meet_Tiffany_Asp.mp4 */,
				937CB3B7542944A69C47A7EB /* logo1024.png */,
				F0050E5F68864FB1AC36C2BC /* logo120.png */,
				7F35A2A25F9B4677993702BB /* logo180.png */,
				008B636803D145108A1320F0 /* logo40.png */,
				2059D638B70A4A47BF24BAD8 /* logo58.png */,
				215654EBFDB74C8CAE06A3FE /* logo60.png */,
				CC23E869CFC9481FB7975A84 /* logo80.png */,
				CCA13DFE9B7A44C7A4BC205D /* logo87.png */,
				7623CF634979491DB4607448 /* bg.png */,
				2859F246BED0464D868E64FA /* gold.png */,
				8554C04FCB5645CC9643BB3B /* splash.png */,
				91CBF70B9EEB4C99BA0DA5A2 /* community.png */,
				2F45CDF6221C45F4891B3831 /* connect.png */,
				C9C3483DCEEC42AE8BC3A8FE /* home.png */,
				F48DE797AF674ED6A4EFE878 /* progress.png */,
				BBA15906CC374402BC425EB6 /* splash-screen.png */,
				86EFEC409E724191B758108E /* MaterialIcons-Regular.ttf */,
				7440D9D9BDAA41A69DD5D817 /* ipsi.png */,
				78ED47E1FC6D4618AB24D06C /* ohio.png */,
				36C2300F00F74B2CB5D7B7D2 /* CorinneCooley.png */,
				FCDAA7D26FAA4630A843B9F5 /* TiffanyAsp.png */,
				DA617928375A4BA092CD2D78 /* RickyYu.png */,
				9C9639ABE4BD4DCCA29A2059 /* AllisonMarsdenBw.png */,
				0C7855CF5FCB4D219A9C98CE /* CorinneCooleyBw.png */,
				404B92BAB923451B9173351B /* PazAlsterBw.png */,
				CA3B03601B3D4A1A8FFBD334 /* RickyYuBw.png */,
				728965E1515C47D1BA30C2D4 /* TiffanyAspBw.png */,
				29630B440717458ABEE4F99C /* RickyYuC.png */,
			);
			name = Resources;
			sourceTree = "<group>";
		};
		832341AE1AAA6A7D00B99B32 /* Libraries */ = {
			isa = PBXGroup;
			children = (
			);
			name = Libraries;
			sourceTree = "<group>";
		};
		83CBB9F61A601CBA00E9B192 = {
			isa = PBXGroup;
			children = (
				13B07FAE1A68108700A75B9A /* GSHDemo */,
				832341AE1AAA6A7D00B99B32 /* Libraries */,
				00E356EF1AD99517003FC87E /* GSHDemoTests */,
				83CBBA001A601CBA00E9B192 /* Products */,
				2D16E6871FA4F8E400B85C8A /* Frameworks */,
				BBD78D7AC51CEA395F1C20DB /* Pods */,
				82F42BC399A8428A9F67FC64 /* Resources */,
			);
			indentWidth = 2;
			sourceTree = "<group>";
			tabWidth = 2;
			usesTabs = 0;
		};
		83CBBA001A601CBA00E9B192 /* Products */ = {
			isa = PBXGroup;
			children = (
				13B07F961A680F5B00A75B9A /* GSHDemo.app */,
				00E356EE1AD99517003FC87E /* GSHDemoTests.xctest */,
			);
			name = Products;
			sourceTree = "<group>";
		};
		BBD78D7AC51CEA395F1C20DB /* Pods */ = {
			isa = PBXGroup;
			children = (
				3B4392A12AC88292D35C810B /* Pods-GSHDemo.debug.xcconfig */,
				5709B34CF0A7D63546082F79 /* Pods-GSHDemo.release.xcconfig */,
				5B7EB9410499542E8C5724F5 /* Pods-GSHDemo-GSHDemoTests.debug.xcconfig */,
				89C6BE57DB24E9ADA2F236DE /* Pods-GSHDemo-GSHDemoTests.release.xcconfig */,
			);
			path = Pods;
			sourceTree = "<group>";
		};
/* End PBXGroup section */

/* Begin PBXNativeTarget section */
		00E356ED1AD99517003FC87E /* GSHDemoTests */ = {
			isa = PBXNativeTarget;
			buildConfigurationList = 00E357021AD99517003FC87E /* Build configuration list for PBXNativeTarget "GSHDemoTests" */;
			buildPhases = (
				A55EABD7B0C7F3A422A6CC61 /* [CP] Check Pods Manifest.lock */,
				00E356EA1AD99517003FC87E /* Sources */,
				00E356EB1AD99517003FC87E /* Frameworks */,
				00E356EC1AD99517003FC87E /* Resources */,
				C59DA0FBD6956966B86A3779 /* [CP] Embed Pods Frameworks */,
				F6A41C54EA430FDDC6A6ED99 /* [CP] Copy Pods Resources */,
			);
			buildRules = (
			);
			dependencies = (
				00E356F51AD99517003FC87E /* PBXTargetDependency */,
			);
			name = GSHDemoTests;
			productName = GSHDemoTests;
			productReference = 00E356EE1AD99517003FC87E /* GSHDemoTests.xctest */;
			productType = "com.apple.product-type.bundle.unit-test";
		};
		13B07F861A680F5B00A75B9A /* GSHDemo */ = {
			isa = PBXNativeTarget;
			buildConfigurationList = 13B07F931A680F5B00A75B9A /* Build configuration list for PBXNativeTarget "GSHDemo" */;
			buildPhases = (
				C38B50BA6285516D6DCD4F65 /* [CP] Check Pods Manifest.lock */,
				FD10A7F022414F080027D42C /* Start Packager */,
				13B07F871A680F5B00A75B9A /* Sources */,
				13B07F8C1A680F5B00A75B9A /* Frameworks */,
				13B07F8E1A680F5B00A75B9A /* Resources */,
				00DD1BFF1BD5951E006B06BC /* Bundle React Native code and images */,
				00EEFC60759A1932668264C0 /* [CP] Embed Pods Frameworks */,
				E235C05ADACE081382539298 /* [CP] Copy Pods Resources */,
			);
			buildRules = (
			);
			dependencies = (
			);
			name = GSHDemo;
			productName = GSHDemo;
			productReference = 13B07F961A680F5B00A75B9A /* GSHDemo.app */;
			productType = "com.apple.product-type.application";
		};
/* End PBXNativeTarget section */

/* Begin PBXProject section */
		83CBB9F71A601CBA00E9B192 /* Project object */ = {
			isa = PBXProject;
			attributes = {
				LastUpgradeCheck = 1210;
				TargetAttributes = {
					00E356ED1AD99517003FC87E = {
						CreatedOnToolsVersion = 6.2;
						TestTargetID = 13B07F861A680F5B00A75B9A;
					};
					13B07F861A680F5B00A75B9A = {
						LastSwiftMigration = 1120;
					};
				};
			};
			buildConfigurationList = 83CBB9FA1A601CBA00E9B192 /* Build configuration list for PBXProject "GSHDemo" */;
			compatibilityVersion = "Xcode 12.0";
			developmentRegion = en;
			hasScannedForEncodings = 0;
			knownRegions = (
				en,
				Base,
			);
			mainGroup = 83CBB9F61A601CBA00E9B192;
			productRefGroup = 83CBBA001A601CBA00E9B192 /* Products */;
			projectDirPath = "";
			projectRoot = "";
			targets = (
				13B07F861A680F5B00A75B9A /* GSHDemo */,
				00E356ED1AD99517003FC87E /* GSHDemoTests */,
			);
		};
/* End PBXProject section */

/* Begin PBXResourcesBuildPhase section */
		00E356EC1AD99517003FC87E /* Resources */ = {
			isa = PBXResourcesBuildPhase;
			buildActionMask = 2147483647;
			files = (
			);
			runOnlyForDeploymentPostprocessing = 0;
		};
		13B07F8E1A680F5B00A75B9A /* Resources */ = {
			isa = PBXResourcesBuildPhase;
			buildActionMask = 2147483647;
			files = (
				81AB9BB82411601600AC10FF /* LaunchScreen.storyboard in Resources */,
				13B07FBF1A68108700A75B9A /* Images.xcassets in Resources */,
				78E15BB2634F4D6F876314D9 /* Roboto-Black.ttf in Resources */,
				A65D01F78F964F0A804BCE0F /* Roboto-BlackItalic.ttf in Resources */,
				2A14B160F333431DB2741278 /* Roboto-Bold.ttf in Resources */,
				BCA1877354B149F69ED227B9 /* Roboto-BoldItalic.ttf in Resources */,
				B86A4AF5A3A64B139A6E7748 /* Roboto-Italic.ttf in Resources */,
				978B90EBA57C44D7843059E3 /* Roboto-Light.ttf in Resources */,
				BA226F7ABA90437190365046 /* Roboto-LightItalic.ttf in Resources */,
				72B9977633F941F695B12584 /* Roboto-Medium.ttf in Resources */,
				5579364C9EB04966B30388E7 /* Roboto-MediumItalic.ttf in Resources */,
				980FDBD5A0C14D829E75E187 /* Roboto-Regular.ttf in Resources */,
				C5D0746A4D22466A9EC20DE6 /* Roboto-Thin.ttf in Resources */,
				4F83EA7494FF429CB093420C /* Roboto-ThinItalic.ttf in Resources */,
				36D58F0955244142A9CD332B /* RobotoCondensed-Bold.ttf in Resources */,
				F250F71482D3410D8D06A834 /* RobotoCondensed-BoldItalic.ttf in Resources */,
				250763EFCC464F48B2311390 /* RobotoCondensed-Italic.ttf in Resources */,
				4EE464088E2444AFB317165A /* RobotoCondensed-Light.ttf in Resources */,
				85845CB3B41D4EBF95FCE4F9 /* RobotoCondensed-LightItalic.ttf in Resources */,
				B9D2DADF05D14CAE901B64B6 /* RobotoCondensed-Regular.ttf in Resources */,
				AD33FFADA781430EBA6B2568 /* LICENSE.txt in Resources */,
				EA349CE51DC7494399060E85 /* gsh.png in Resources */,
				5533D9E23C9A4F198551397D /* somatic.png in Resources */,
				1617C2A002E84835B74FBC4D /* ucdavis.png in Resources */,
				58A06F74622B4D3A92F5F5BB /* ucsf.png in Resources */,
				C23FA87DEE73485886879823 /* univercity.png in Resources */,
				44857C04B8E14E9C80B67B59 /* CarrieTice.png in Resources */,
				FF4637524A8D403285B3D72D /* DavePaunesku.png in Resources */,
				F3F559D6D52A44E4A33B14C6 /* HeatherKing.png in Resources */,
				B9A4E06B96A64BD2B1189E50 /* JoshLevin.png in Resources */,
				17BBBCB734CB412D9A3C48AB /* MichaelFredericson.png in Resources */,
				2513E42FAF2E4D989333567D /* PhilippeGoldin.png in Resources */,
				1363383CB374408FBA4A6C85 /* ShariBecker.png in Resources */,
				71677964D4DC4AA89ADABD20 /* StephenBaxter.png in Resources */,
				5347C3DFE74742BDAD5F675C /* YuvalSpector.png in Resources */,
				F95A79CD64EC4F27834FD437 /* Introducing_Josh_Levin.mp4 in Resources */,
				9656D1002D484CF8956D8B8D /* Introducing_Philippe_Goldin.mp4 in Resources */,
				5DB0D771584443B59F32AAC4 /* Introducing_the_Founders.mp4 in Resources */,
				6DEC10C8919E4F38B8DF825B /* Meet_Shari_Becker.mp4 in Resources */,
				5A982538EE0C4D6F88CBDE50 /* Meet_Tiffany_Asp.mp4 in Resources */,
				6766D71B72AE445696180AB1 /* logo1024.png in Resources */,
				2C2F2E0961D54B3CAA3F8449 /* logo120.png in Resources */,
				D73200A9EB65477897FB88B2 /* logo180.png in Resources */,
				E84A504B8EEB4AF4969EDBDB /* logo40.png in Resources */,
				BD0BDF25A0D34EDD98C30F63 /* logo58.png in Resources */,
				0FD834493BDA4B258E86E200 /* logo60.png in Resources */,
				5D678A57909D43B996A185BB /* logo80.png in Resources */,
				F932F42E00A4428783FF6C62 /* logo87.png in Resources */,
				C363E3A9A5F549CF915941F0 /* bg.png in Resources */,
				E35EC5DE2B514F9E88BDAAEA /* gold.png in Resources */,
				3A4961D3771D4D74971FE17D /* splash.png in Resources */,
				F7F6D507777D4F938464A94B /* community.png in Resources */,
				CDF582A301AA4F53AE6CFB5F /* connect.png in Resources */,
				05A28C7DD9C8424E86C534ED /* home.png in Resources */,
				E8A26367F3574CC28A1C5B4E /* progress.png in Resources */,
				3AF3DC6CF32E42469FE00B47 /* splash-screen.png in Resources */,
				0639717E000A44BABF6481D6 /* MaterialIcons-Regular.ttf in Resources */,
				287BC56ED34E4AEB8B7A81BF /* ipsi.png in Resources */,
				3A5ECADA56F14662BC592C39 /* ohio.png in Resources */,
				4033B9D04AFC41C3A55485D2 /* CorinneCooley.png in Resources */,
				10BC4AE5368F48E28DA8E73C /* TiffanyAsp.png in Resources */,
				B4FBF0DAB3B343F1B1FB14AC /* RickyYu.png in Resources */,
				DB10446CC98A442D8C3264AC /* AllisonMarsdenBw.png in Resources */,
				501D059EA5614E12AB865896 /* CorinneCooleyBw.png in Resources */,
				4BA372896B764D9F920D48E2 /* PazAlsterBw.png in Resources */,
				064EB2031E1F4D789025D5A7 /* RickyYuBw.png in Resources */,
				DDFEDEC6C6F748DA95E47841 /* TiffanyAspBw.png in Resources */,
				8525D31E795248878D99C9C8 /* RickyYuC.png in Resources */,
			);
			runOnlyForDeploymentPostprocessing = 0;
		};
/* End PBXResourcesBuildPhase section */

/* Begin PBXShellScriptBuildPhase section */
		00DD1BFF1BD5951E006B06BC /* Bundle React Native code and images */ = {
			isa = PBXShellScriptBuildPhase;
			buildActionMask = 2147483647;
			files = (
			);
			inputPaths = (
				"$(SRCROOT)/.xcode.env.local",
				"$(SRCROOT)/.xcode.env",
			);
			name = "Bundle React Native code and images";
			outputPaths = (
			);
			runOnlyForDeploymentPostprocessing = 0;
			shellPath = /bin/sh;
			shellScript = "set -e\n\nWITH_ENVIRONMENT=\"../node_modules/react-native/scripts/xcode/with-environment.sh\"\nREACT_NATIVE_XCODE=\"../node_modules/react-native/scripts/react-native-xcode.sh\"\n\n/bin/sh -c \"$WITH_ENVIRONMENT $REACT_NATIVE_XCODE\"\n";
		};
		00EEFC60759A1932668264C0 /* [CP] Embed Pods Frameworks */ = {
			isa = PBXShellScriptBuildPhase;
			buildActionMask = 2147483647;
			files = (
			);
			inputFileListPaths = (
				"${PODS_ROOT}/Target Support Files/Pods-GSHDemo/Pods-GSHDemo-frameworks-${CONFIGURATION}-input-files.xcfilelist",
			);
			name = "[CP] Embed Pods Frameworks";
			outputFileListPaths = (
				"${PODS_ROOT}/Target Support Files/Pods-GSHDemo/Pods-GSHDemo-frameworks-${CONFIGURATION}-output-files.xcfilelist",
			);
			runOnlyForDeploymentPostprocessing = 0;
			shellPath = /bin/sh;
			shellScript = "\"${PODS_ROOT}/Target Support Files/Pods-GSHDemo/Pods-GSHDemo-frameworks.sh\"\n";
			showEnvVarsInLog = 0;
		};
		A55EABD7B0C7F3A422A6CC61 /* [CP] Check Pods Manifest.lock */ = {
			isa = PBXShellScriptBuildPhase;
			buildActionMask = 2147483647;
			files = (
			);
			inputFileListPaths = (
			);
			inputPaths = (
				"${PODS_PODFILE_DIR_PATH}/Podfile.lock",
				"${PODS_ROOT}/Manifest.lock",
			);
			name = "[CP] Check Pods Manifest.lock";
			outputFileListPaths = (
			);
			outputPaths = (
				"$(DERIVED_FILE_DIR)/Pods-GSHDemo-GSHDemoTests-checkManifestLockResult.txt",
			);
			runOnlyForDeploymentPostprocessing = 0;
			shellPath = /bin/sh;
			shellScript = "diff \"${PODS_PODFILE_DIR_PATH}/Podfile.lock\" \"${PODS_ROOT}/Manifest.lock\" > /dev/null\nif [ $? != 0 ] ; then\n    # print error to STDERR\n    echo \"error: The sandbox is not in sync with the Podfile.lock. Run 'pod install' or update your CocoaPods installation.\" >&2\n    exit 1\nfi\n# This output is used by Xcode 'outputs' to avoid re-running this script phase.\necho \"SUCCESS\" > \"${SCRIPT_OUTPUT_FILE_0}\"\n";
			showEnvVarsInLog = 0;
		};
		C38B50BA6285516D6DCD4F65 /* [CP] Check Pods Manifest.lock */ = {
			isa = PBXShellScriptBuildPhase;
			buildActionMask = 2147483647;
			files = (
			);
			inputFileListPaths = (
			);
			inputPaths = (
				"${PODS_PODFILE_DIR_PATH}/Podfile.lock",
				"${PODS_ROOT}/Manifest.lock",
			);
			name = "[CP] Check Pods Manifest.lock";
			outputFileListPaths = (
			);
			outputPaths = (
				"$(DERIVED_FILE_DIR)/Pods-GSHDemo-checkManifestLockResult.txt",
			);
			runOnlyForDeploymentPostprocessing = 0;
			shellPath = /bin/sh;
			shellScript = "diff \"${PODS_PODFILE_DIR_PATH}/Podfile.lock\" \"${PODS_ROOT}/Manifest.lock\" > /dev/null\nif [ $? != 0 ] ; then\n    # print error to STDERR\n    echo \"error: The sandbox is not in sync with the Podfile.lock. Run 'pod install' or update your CocoaPods installation.\" >&2\n    exit 1\nfi\n# This output is used by Xcode 'outputs' to avoid re-running this script phase.\necho \"SUCCESS\" > \"${SCRIPT_OUTPUT_FILE_0}\"\n";
			showEnvVarsInLog = 0;
		};
		C59DA0FBD6956966B86A3779 /* [CP] Embed Pods Frameworks */ = {
			isa = PBXShellScriptBuildPhase;
			buildActionMask = 2147483647;
			files = (
			);
			inputFileListPaths = (
				"${PODS_ROOT}/Target Support Files/Pods-GSHDemo-GSHDemoTests/Pods-GSHDemo-GSHDemoTests-frameworks-${CONFIGURATION}-input-files.xcfilelist",
			);
			name = "[CP] Embed Pods Frameworks";
			outputFileListPaths = (
				"${PODS_ROOT}/Target Support Files/Pods-GSHDemo-GSHDemoTests/Pods-GSHDemo-GSHDemoTests-frameworks-${CONFIGURATION}-output-files.xcfilelist",
			);
			runOnlyForDeploymentPostprocessing = 0;
			shellPath = /bin/sh;
			shellScript = "\"${PODS_ROOT}/Target Support Files/Pods-GSHDemo-GSHDemoTests/Pods-GSHDemo-GSHDemoTests-frameworks.sh\"\n";
			showEnvVarsInLog = 0;
		};
		E235C05ADACE081382539298 /* [CP] Copy Pods Resources */ = {
			isa = PBXShellScriptBuildPhase;
			buildActionMask = 2147483647;
			files = (
			);
			inputFileListPaths = (
				"${PODS_ROOT}/Target Support Files/Pods-GSHDemo/Pods-GSHDemo-resources-${CONFIGURATION}-input-files.xcfilelist",
			);
			name = "[CP] Copy Pods Resources";
			outputFileListPaths = (
				"${PODS_ROOT}/Target Support Files/Pods-GSHDemo/Pods-GSHDemo-resources-${CONFIGURATION}-output-files.xcfilelist",
			);
			runOnlyForDeploymentPostprocessing = 0;
			shellPath = /bin/sh;
			shellScript = "\"${PODS_ROOT}/Target Support Files/Pods-GSHDemo/Pods-GSHDemo-resources.sh\"\n";
			showEnvVarsInLog = 0;
		};
		F6A41C54EA430FDDC6A6ED99 /* [CP] Copy Pods Resources */ = {
			isa = PBXShellScriptBuildPhase;
			buildActionMask = 2147483647;
			files = (
			);
			inputFileListPaths = (
				"${PODS_ROOT}/Target Support Files/Pods-GSHDemo-GSHDemoTests/Pods-GSHDemo-GSHDemoTests-resources-${CONFIGURATION}-input-files.xcfilelist",
			);
			name = "[CP] Copy Pods Resources";
			outputFileListPaths = (
				"${PODS_ROOT}/Target Support Files/Pods-GSHDemo-GSHDemoTests/Pods-GSHDemo-GSHDemoTests-resources-${CONFIGURATION}-output-files.xcfilelist",
			);
			runOnlyForDeploymentPostprocessing = 0;
			shellPath = /bin/sh;
			shellScript = "\"${PODS_ROOT}/Target Support Files/Pods-GSHDemo-GSHDemoTests/Pods-GSHDemo-GSHDemoTests-resources.sh\"\n";
			showEnvVarsInLog = 0;
		};
		FD10A7F022414F080027D42C /* Start Packager */ = {
			isa = PBXShellScriptBuildPhase;
			buildActionMask = 2147483647;
			files = (
			);
			inputFileListPaths = (
			);
			inputPaths = (
			);
			name = "Start Packager";
			outputFileListPaths = (
			);
			outputPaths = (
			);
			runOnlyForDeploymentPostprocessing = 0;
			shellPath = /bin/sh;
			shellScript = "export RCT_METRO_PORT=\"${RCT_METRO_PORT:=8081}\"\necho \"export RCT_METRO_PORT=${RCT_METRO_PORT}\" > \"${SRCROOT}/../node_modules/react-native/scripts/.packager.env\"\nif [ -z \"${RCT_NO_LAUNCH_PACKAGER+xxx}\" ] ; then\n  if nc -w 5 -z localhost ${RCT_METRO_PORT} ; then\n    if ! curl -s \"http://localhost:${RCT_METRO_PORT}/status\" | grep -q \"packager-status:running\" ; then\n      echo \"Port ${RCT_METRO_PORT} already in use, packager is either not running or not running correctly\"\n      exit 2\n    fi\n  else\n    open \"$SRCROOT/../node_modules/react-native/scripts/launchPackager.command\" || echo \"Can't start packager automatically\"\n  fi\nfi\n";
			showEnvVarsInLog = 0;
		};
/* End PBXShellScriptBuildPhase section */

/* Begin PBXSourcesBuildPhase section */
		00E356EA1AD99517003FC87E /* Sources */ = {
			isa = PBXSourcesBuildPhase;
			buildActionMask = 2147483647;
			files = (
				00E356F31AD99517003FC87E /* GSHDemoTests.m in Sources */,
			);
			runOnlyForDeploymentPostprocessing = 0;
		};
		13B07F871A680F5B00A75B9A /* Sources */ = {
			isa = PBXSourcesBuildPhase;
			buildActionMask = 2147483647;
			files = (
				13B07FBC1A68108700A75B9A /* AppDelegate.mm in Sources */,
				13B07FC11A68108700A75B9A /* main.m in Sources */,
			);
			runOnlyForDeploymentPostprocessing = 0;
		};
/* End PBXSourcesBuildPhase section */

/* Begin PBXTargetDependency section */
		00E356F51AD99517003FC87E /* PBXTargetDependency */ = {
			isa = PBXTargetDependency;
			target = 13B07F861A680F5B00A75B9A /* GSHDemo */;
			targetProxy = 00E356F41AD99517003FC87E /* PBXContainerItemProxy */;
		};
/* End PBXTargetDependency section */

/* Begin XCBuildConfiguration section */
		00E356F61AD99517003FC87E /* Debug */ = {
			isa = XCBuildConfiguration;
			baseConfigurationReference = 5B7EB9410499542E8C5724F5 /* Pods-GSHDemo-GSHDemoTests.debug.xcconfig */;
			buildSettings = {
				BUNDLE_LOADER = "$(TEST_HOST)";
				GCC_PREPROCESSOR_DEFINITIONS = (
					"DEBUG=1",
					"$(inherited)",
				);
				INFOPLIST_FILE = GSHDemoTests/Info.plist;
				IPHONEOS_DEPLOYMENT_TARGET = 12.4;
				LD_RUNPATH_SEARCH_PATHS = (
					"$(inherited)",
					"@executable_path/Frameworks",
					"@loader_path/Frameworks",
				);
				OTHER_LDFLAGS = (
					"-ObjC",
					"-lc++",
					"$(inherited)",
				);
				PRODUCT_BUNDLE_IDENTIFIER = "org.reactjs.native.example.$(PRODUCT_NAME:rfc1034identifier)";
				PRODUCT_NAME = "$(TARGET_NAME)";
				TEST_HOST = "$(BUILT_PRODUCTS_DIR)/GSHDemo.app/GSHDemo";
			};
			name = Debug;
		};
		00E356F71AD99517003FC87E /* Release */ = {
			isa = XCBuildConfiguration;
			baseConfigurationReference = 89C6BE57DB24E9ADA2F236DE /* Pods-GSHDemo-GSHDemoTests.release.xcconfig */;
			buildSettings = {
				BUNDLE_LOADER = "$(TEST_HOST)";
				COPY_PHASE_STRIP = NO;
				INFOPLIST_FILE = GSHDemoTests/Info.plist;
				IPHONEOS_DEPLOYMENT_TARGET = 12.4;
				LD_RUNPATH_SEARCH_PATHS = (
					"$(inherited)",
					"@executable_path/Frameworks",
					"@loader_path/Frameworks",
				);
				OTHER_LDFLAGS = (
					"-ObjC",
					"-lc++",
					"$(inherited)",
				);
				PRODUCT_BUNDLE_IDENTIFIER = "org.reactjs.native.example.$(PRODUCT_NAME:rfc1034identifier)";
				PRODUCT_NAME = "$(TARGET_NAME)";
				TEST_HOST = "$(BUILT_PRODUCTS_DIR)/GSHDemo.app/GSHDemo";
			};
			name = Release;
		};
		13B07F941A680F5B00A75B9A /* Debug */ = {
			isa = XCBuildConfiguration;
			baseConfigurationReference = 3B4392A12AC88292D35C810B /* Pods-GSHDemo.debug.xcconfig */;
			buildSettings = {
				ASSETCATALOG_COMPILER_APPICON_NAME = AppIcon;
				CLANG_ENABLE_MODULES = YES;
				CURRENT_PROJECT_VERSION = 1;
				ENABLE_BITCODE = NO;
				INFOPLIST_FILE = GSHDemo/Info.plist;
				LD_RUNPATH_SEARCH_PATHS = (
					"$(inherited)",
					"@executable_path/Frameworks",
				);
				MARKETING_VERSION = 1.0;
				OTHER_LDFLAGS = (
					"$(inherited)",
					"-ObjC",
					"-lc++",
				);
				PRODUCT_BUNDLE_IDENTIFIER = "org.reactjs.native.example.$(PRODUCT_NAME:rfc1034identifier)";
				PRODUCT_NAME = GSHDemo;
				SWIFT_OPTIMIZATION_LEVEL = "-Onone";
				SWIFT_VERSION = 5.0;
				VERSIONING_SYSTEM = "apple-generic";
			};
			name = Debug;
		};
		13B07F951A680F5B00A75B9A /* Release */ = {
			isa = XCBuildConfiguration;
			baseConfigurationReference = 5709B34CF0A7D63546082F79 /* Pods-GSHDemo.release.xcconfig */;
			buildSettings = {
				ASSETCATALOG_COMPILER_APPICON_NAME = AppIcon;
				CLANG_ENABLE_MODULES = YES;
				CURRENT_PROJECT_VERSION = 1;
				INFOPLIST_FILE = GSHDemo/Info.plist;
				LD_RUNPATH_SEARCH_PATHS = (
					"$(inherited)",
					"@executable_path/Frameworks",
				);
				MARKETING_VERSION = 1.0;
				OTHER_LDFLAGS = (
					"$(inherited)",
					"-ObjC",
					"-lc++",
				);
				PRODUCT_BUNDLE_IDENTIFIER = "org.reactjs.native.example.$(PRODUCT_NAME:rfc1034identifier)";
				PRODUCT_NAME = GSHDemo;
				SWIFT_VERSION = 5.0;
				VERSIONING_SYSTEM = "apple-generic";
			};
			name = Release;
		};
		83CBBA201A601CBA00E9B192 /* Debug */ = {
			isa = XCBuildConfiguration;
			buildSettings = {
				ALWAYS_SEARCH_USER_PATHS = NO;
				CLANG_ANALYZER_LOCALIZABILITY_NONLOCALIZED = YES;
				CLANG_CXX_LANGUAGE_STANDARD = "c++17";
				CLANG_CXX_LIBRARY = "libc++";
				CLANG_ENABLE_MODULES = YES;
				CLANG_ENABLE_OBJC_ARC = YES;
				CLANG_WARN_BLOCK_CAPTURE_AUTORELEASING = YES;
				CLANG_WARN_BOOL_CONVERSION = YES;
				CLANG_WARN_COMMA = YES;
				CLANG_WARN_CONSTANT_CONVERSION = YES;
				CLANG_WARN_DEPRECATED_OBJC_IMPLEMENTATIONS = YES;
				CLANG_WARN_DIRECT_OBJC_ISA_USAGE = YES_ERROR;
				CLANG_WARN_EMPTY_BODY = YES;
				CLANG_WARN_ENUM_CONVERSION = YES;
				CLANG_WARN_INFINITE_RECURSION = YES;
				CLANG_WARN_INT_CONVERSION = YES;
				CLANG_WARN_NON_LITERAL_NULL_CONVERSION = YES;
				CLANG_WARN_OBJC_IMPLICIT_RETAIN_SELF = YES;
				CLANG_WARN_OBJC_LITERAL_CONVERSION = YES;
				CLANG_WARN_OBJC_ROOT_CLASS = YES_ERROR;
				CLANG_WARN_QUOTED_INCLUDE_IN_FRAMEWORK_HEADER = YES;
				CLANG_WARN_RANGE_LOOP_ANALYSIS = YES;
				CLANG_WARN_STRICT_PROTOTYPES = YES;
				CLANG_WARN_SUSPICIOUS_MOVE = YES;
				CLANG_WARN_UNREACHABLE_CODE = YES;
				CLANG_WARN__DUPLICATE_METHOD_MATCH = YES;
				"CODE_SIGN_IDENTITY[sdk=iphoneos*]" = "iPhone Developer";
				COPY_PHASE_STRIP = NO;
				ENABLE_STRICT_OBJC_MSGSEND = YES;
				ENABLE_TESTABILITY = YES;
				"EXCLUDED_ARCHS[sdk=iphonesimulator*]" = i386;
				GCC_C_LANGUAGE_STANDARD = gnu99;
				GCC_DYNAMIC_NO_PIC = NO;
				GCC_NO_COMMON_BLOCKS = YES;
				GCC_OPTIMIZATION_LEVEL = 0;
				GCC_PREPROCESSOR_DEFINITIONS = (
					"DEBUG=1",
					"$(inherited)",
				);
				GCC_SYMBOLS_PRIVATE_EXTERN = NO;
				GCC_WARN_64_TO_32_BIT_CONVERSION = YES;
				GCC_WARN_ABOUT_RETURN_TYPE = YES_ERROR;
				GCC_WARN_UNDECLARED_SELECTOR = YES;
				GCC_WARN_UNINITIALIZED_AUTOS = YES_AGGRESSIVE;
				GCC_WARN_UNUSED_FUNCTION = YES;
				GCC_WARN_UNUSED_VARIABLE = YES;
				IPHONEOS_DEPLOYMENT_TARGET = 12.4;
				LD_RUNPATH_SEARCH_PATHS = (
					/usr/lib/swift,
					"$(inherited)",
				);
				LIBRARY_SEARCH_PATHS = (
					"\"$(SDKROOT)/usr/lib/swift\"",
					"\"$(TOOLCHAIN_DIR)/usr/lib/swift/$(PLATFORM_NAME)\"",
					"\"$(inherited)\"",
				);
				MTL_ENABLE_DEBUG_INFO = YES;
				ONLY_ACTIVE_ARCH = YES;
				OTHER_CPLUSPLUSFLAGS = (
					"$(OTHER_CFLAGS)",
					"-DFOLLY_NO_CONFIG",
					"-DFOLLY_MOBILE=1",
					"-DFOLLY_USE_LIBCPP=1",
				);
				REACT_NATIVE_PATH = "${PODS_ROOT}/../../node_modules/react-native";
				SDKROOT = iphoneos;
			};
			name = Debug;
		};
		83CBBA211A601CBA00E9B192 /* Release */ = {
			isa = XCBuildConfiguration;
			buildSettings = {
				ALWAYS_SEARCH_USER_PATHS = NO;
				CLANG_ANALYZER_LOCALIZABILITY_NONLOCALIZED = YES;
				CLANG_CXX_LANGUAGE_STANDARD = "c++17";
				CLANG_CXX_LIBRARY = "libc++";
				CLANG_ENABLE_MODULES = YES;
				CLANG_ENABLE_OBJC_ARC = YES;
				CLANG_WARN_BLOCK_CAPTURE_AUTORELEASING = YES;
				CLANG_WARN_BOOL_CONVERSION = YES;
				CLANG_WARN_COMMA = YES;
				CLANG_WARN_CONSTANT_CONVERSION = YES;
				CLANG_WARN_DEPRECATED_OBJC_IMPLEMENTATIONS = YES;
				CLANG_WARN_DIRECT_OBJC_ISA_USAGE = YES_ERROR;
				CLANG_WARN_EMPTY_BODY = YES;
				CLANG_WARN_ENUM_CONVERSION = YES;
				CLANG_WARN_INFINITE_RECURSION = YES;
				CLANG_WARN_INT_CONVERSION = YES;
				CLANG_WARN_NON_LITERAL_NULL_CONVERSION = YES;
				CLANG_WARN_OBJC_IMPLICIT_RETAIN_SELF = YES;
				CLANG_WARN_OBJC_LITERAL_CONVERSION = YES;
				CLANG_WARN_OBJC_ROOT_CLASS = YES_ERROR;
				CLANG_WARN_QUOTED_INCLUDE_IN_FRAMEWORK_HEADER = YES;
				CLANG_WARN_RANGE_LOOP_ANALYSIS = YES;
				CLANG_WARN_STRICT_PROTOTYPES = YES;
				CLANG_WARN_SUSPICIOUS_MOVE = YES;
				CLANG_WARN_UNREACHABLE_CODE = YES;
				CLANG_WARN__DUPLICATE_METHOD_MATCH = YES;
				"CODE_SIGN_IDENTITY[sdk=iphoneos*]" = "iPhone Developer";
				COPY_PHASE_STRIP = YES;
				ENABLE_NS_ASSERTIONS = NO;
				ENABLE_STRICT_OBJC_MSGSEND = YES;
				"EXCLUDED_ARCHS[sdk=iphonesimulator*]" = i386;
				GCC_C_LANGUAGE_STANDARD = gnu99;
				GCC_NO_COMMON_BLOCKS = YES;
				GCC_WARN_64_TO_32_BIT_CONVERSION = YES;
				GCC_WARN_ABOUT_RETURN_TYPE = YES_ERROR;
				GCC_WARN_UNDECLARED_SELECTOR = YES;
				GCC_WARN_UNINITIALIZED_AUTOS = YES_AGGRESSIVE;
				GCC_WARN_UNUSED_FUNCTION = YES;
				GCC_WARN_UNUSED_VARIABLE = YES;
				IPHONEOS_DEPLOYMENT_TARGET = 12.4;
				LD_RUNPATH_SEARCH_PATHS = (
					/usr/lib/swift,
					"$(inherited)",
				);
				LIBRARY_SEARCH_PATHS = (
					"\"$(SDKROOT)/usr/lib/swift\"",
					"\"$(TOOLCHAIN_DIR)/usr/lib/swift/$(PLATFORM_NAME)\"",
					"\"$(inherited)\"",
				);
				MTL_ENABLE_DEBUG_INFO = NO;
				OTHER_CPLUSPLUSFLAGS = (
					"$(OTHER_CFLAGS)",
					"-DFOLLY_NO_CONFIG",
					"-DFOLLY_MOBILE=1",
					"-DFOLLY_USE_LIBCPP=1",
				);
				REACT_NATIVE_PATH = "${PODS_ROOT}/../../node_modules/react-native";
				SDKROOT = iphoneos;
				VALIDATE_PRODUCT = YES;
			};
			name = Release;
		};
/* End XCBuildConfiguration section */

/* Begin XCConfigurationList section */
		00E357021AD99517003FC87E /* Build configuration list for PBXNativeTarget "GSHDemoTests" */ = {
			isa = XCConfigurationList;
			buildConfigurations = (
				00E356F61AD99517003FC87E /* Debug */,
				00E356F71AD99517003FC87E /* Release */,
			);
			defaultConfigurationIsVisible = 0;
			defaultConfigurationName = Release;
		};
		13B07F931A680F5B00A75B9A /* Build configuration list for PBXNativeTarget "GSHDemo" */ = {
			isa = XCConfigurationList;
			buildConfigurations = (
				13B07F941A680F5B00A75B9A /* Debug */,
				13B07F951A680F5B00A75B9A /* Release */,
			);
			defaultConfigurationIsVisible = 0;
			defaultConfigurationName = Release;
		};
		83CBB9FA1A601CBA00E9B192 /* Build configuration list for PBXProject "GSHDemo" */ = {
			isa = XCConfigurationList;
			buildConfigurations = (
				83CBBA201A601CBA00E9B192 /* Debug */,
				83CBBA211A601CBA00E9B192 /* Release */,
			);
			defaultConfigurationIsVisible = 0;
			defaultConfigurationName = Release;
		};
/* End XCConfigurationList section */
	};
	rootObject = 83CBB9F71A601CBA00E9B192 /* Project object */;
}
